
Microsoft Visual Studio Solution File, Format Version 12.00
# Visual Studio Version 17
VisualStudioVersion = 17.0.31612.314
MinimumVisualStudioVersion = 10.0.40219.1
Project("{FAE04EC0-301F-11D3-BF4B-00C04F79EFBC}") = "Ejercicio Formularios", "Ejercicio Formularios.csproj", "{D8316A62-916E-4D6E-B17D-A765F2ADD729}"
EndProject
Global
	GlobalSection(SolutionConfigurationPlatforms) = preSolution
		Debug|Any CPU = Debug|Any CPU
		Release|Any CPU = Release|Any CPU
	EndGlobalSection
	GlobalSection(ProjectConfigurationPlatforms) = postSolution
		{D8316A62-916E-4D6E-B17D-A765F2ADD729}.Debug|Any CPU.ActiveCfg = Debug|Any CPU
		{D8316A62-916E-4D6E-B17D-A765F2ADD729}.Debug|Any CPU.Build.0 = Debug|Any CPU
		{D8316A62-916E-4D6E-B17D-A765F2ADD729}.Release|Any CPU.ActiveCfg = Release|Any CPU
		{D8316A62-916E-4D6E-B17D-A765F2ADD729}.Release|Any CPU.Build.0 = Release|Any CPU
	EndGlobalSection
	GlobalSection(SolutionProperties) = preSolution
		HideSolutionNode = FALSE
	EndGlobalSection
	GlobalSection(ExtensibilityGlobals) = postSolution
		SolutionGuid = {1B619BCD-0208-4B84-8A67-5CBBB669E3E8}
	EndGlobalSection
EndGlobal
